// !$*UTF8*$!
{
	archiveVersion = 1;
	classes = {
	};
	objectVersion = 77;
	objects = {

/* Begin PBXContainerItemProxy section */
		29C10F662EE55C80000ADC1B /* PBXContainerItemProxy */ = {
			isa = PBXContainerItemProxy;
			containerPortal = 29C10F442EE55C7D000ADC1B /* Project object */;
			proxyType = 1;
			remoteGlobalIDString = 29C10F4B2EE55C7D000ADC1B;
			remoteInfo = "Fitness App";
		};
		29C10F702EE55C80000ADC1B /* PBXContainerItemProxy */ = {
			isa = PBXContainerItemProxy;
			containerPortal = 29C10F442EE55C7D000ADC1B /* Project object */;
			proxyType = 1;
			remoteGlobalIDString = 29C10F4B2EE55C7D000ADC1B;
			remoteInfo = "Fitness App";
		};
/* End PBXContainerItemProxy section */

/* Begin PBXFileReference section */
		29C10F4C2EE55C7D000ADC1B /* Fitness App.app */ = {isa = PBXFileReference; explicitFileType = wrapper.application; includeInIndex = 0; path = "Fitness App.app"; sourceTree = BUILT_PRODUCTS_DIR; };
		29C10F652EE55C80000ADC1B /* Fitness AppTests.xctest */ = {isa = PBXFileReference; explicitFileType = wrapper.cfbundle; includeInIndex = 0; path = "Fitness AppTests.xctest"; sourceTree = BUILT_PRODUCTS_DIR; };
		29C10F6F2EE55C80000ADC1B /* Fitness AppUITests.xctest */ = {isa = PBXFileReference; explicitFileType = wrapper.cfbundle; includeInIndex = 0; path = "Fitness AppUITests.xctest"; sourceTree = BUILT_PRODUCTS_DIR; };
/* End PBXFileReference section */

/* Begin PBXFileSystemSynchronizedBuildFileExceptionSet section */
		29C10F772EE55C80000ADC1B /* Exceptions for "Fitness App" folder in "Fitness App" target */ = {
			isa = PBXFileSystemSynchronizedBuildFileExceptionSet;
			membershipExceptions = (
				Info.plist,
			);
			target = 29C10F4B2EE55C7D000ADC1B /* Fitness App */;
		};
/* End PBXFileSystemSynchronizedBuildFileExceptionSet section */

/* Begin PBXFileSystemSynchronizedRootGroup section */
		29C10F4E2EE55C7D000ADC1B /* Fitness App */ = {
			isa = PBXFileSystemSynchronizedRootGroup;
			exceptions = (
				29C10F772EE55C80000ADC1B /* Exceptions for "Fitness App" folder in "Fitness App" target */,
			);
			path = "Fitness App";
			sourceTree = "<group>";
		};
		29C10F682EE55C80000ADC1B /* Fitness AppTests */ = {
			isa = PBXFileSystemSynchronizedRootGroup;
			path = "Fitness AppTests";
			sourceTree = "<group>";
		};
		29C10F722EE55C80000ADC1B /* Fitness AppUITests */ = {
			isa = PBXFileSystemSynchronizedRootGroup;
			path = "Fitness AppUITests";
			sourceTree = "<group>";
		};
/* End PBXFileSystemSynchronizedRootGroup section */

/* Begin PBXFrameworksBuildPhase section */
		29C10F492EE55C7D000ADC1B /* Frameworks */ = {
			isa = PBXFrameworksBuildPhase;
			buildActionMask = 2147483647;
			files = (
			);
			runOnlyForDeploymentPostprocessing = 0;
		};
		29C10F622EE55C80000ADC1B /* Frameworks */ = {
			isa = PBXFrameworksBuildPhase;
			buildActionMask = 2147483647;
			files = (
			);
			runOnlyForDeploymentPostprocessing = 0;
		};
		29C10F6C2EE55C80000ADC1B /* Frameworks */ = {
			isa = PBXFrameworksBuildPhase;
			buildActionMask = 2147483647;
			files = (
			);
			runOnlyForDeploymentPostprocessing = 0;
		};
/* End PBXFrameworksBuildPhase section */

/* Begin PBXGroup section */
		29C10F432EE55C7D000ADC1B = {
			isa = PBXGroup;
			children = (
				29C10F4E2EE55C7D000ADC1B /* Fitness App */,
				29C10F682EE55C80000ADC1B /* Fitness AppTests */,
				29C10F722EE55C80000ADC1B /* Fitness AppUITests */,
				29C10F4D2EE55C7D000ADC1B /* Products */,
			);
			sourceTree = "<group>";
		};
		29C10F4D2EE55C7D000ADC1B /* Products */ = {
			isa = PBXGroup;
			children = (
				29C10F4C2EE55C7D000ADC1B /* Fitness App.app */,
				29C10F652EE55C80000ADC1B /* Fitness AppTests.xctest */,
				29C10F6F2EE55C80000ADC1B /* Fitness AppUITests.xctest */,
			);
			name = Products;
			sourceTree = "<group>";
		};
/* End PBXGroup section */

/* Begin PBXNativeTarget section */
		29C10F4B2EE55C7D000ADC1B /* Fitness App */ = {
			isa = PBXNativeTarget;
			buildConfigurationList = 29C10F782EE55C80000ADC1B /* Build configuration list for PBXNativeTarget "Fitness App" */;
			buildPhases = (
				29C10F482EE55C7D000ADC1B /* Sources */,
				29C10F492EE55C7D000ADC1B /* Frameworks */,
				29C10F4A2EE55C7D000ADC1B /* Resources */,
			);
			buildRules = (
			);
			dependencies = (
			);
			fileSystemSynchronizedGroups = (
				29C10F4E2EE55C7D000ADC1B /* Fitness App */,
			);
			name = "Fitness App";
			packageProductDependencies = (
			);
			productName = "Fitness App";
			productReference = 29C10F4C2EE55C7D000ADC1B /* Fitness App.app */;
			productType = "com.apple.product-type.application";
		};
		29C10F642EE55C80000ADC1B /* Fitness AppTests */ = {
			isa = PBXNativeTarget;
			buildConfigurationList = 29C10F7D2EE55C80000ADC1B /* Build configuration list for PBXNativeTarget "Fitness AppTests" */;
			buildPhases = (
				29C10F612EE55C80000ADC1B /* Sources */,
				29C10F622EE55C80000ADC1B /* Frameworks */,
				29C10F632EE55C80000ADC1B /* Resources */,
			);
			buildRules = (
			);
			dependencies = (
				29C10F672EE55C80000ADC1B /* PBXTargetDependency */,
			);
			fileSystemSynchronizedGroups = (
				29C10F682EE55C80000ADC1B /* Fitness AppTests */,
			);
			name = "Fitness AppTests";
			packageProductDependencies = (
			);
			productName = "Fitness AppTests";
			productReference = 29C10F652EE55C80000ADC1B /* Fitness AppTests.xctest */;
			productType = "com.apple.product-type.bundle.unit-test";
		};
		29C10F6E2EE55C80000ADC1B /* Fitness AppUITests */ = {
			isa = PBXNativeTarget;
			buildConfigurationList = 29C10F802EE55C80000ADC1B /* Build configuration list for PBXNativeTarget "Fitness AppUITests" */;
			buildPhases = (
				29C10F6B2EE55C80000ADC1B /* Sources */,
				29C10F6C2EE55C80000ADC1B /* Frameworks */,
				29C10F6D2EE55C80000ADC1B /* Resources */,
			);
			buildRules = (
			);
			dependencies = (
				29C10F712EE55C80000ADC1B /* PBXTargetDependency */,
			);
			fileSystemSynchronizedGroups = (
				29C10F722EE55C80000ADC1B /* Fitness AppUITests */,
			);
			name = "Fitness AppUITests";
			packageProductDependencies = (
			);
			productName = "Fitness AppUITests";
			productReference = 29C10F6F2EE55C80000ADC1B /* Fitness AppUITests.xctest */;
			productType = "com.apple.product-type.bundle.ui-testing";
		};
/* End PBXNativeTarget section */

/* Begin PBXProject section */
		29C10F442EE55C7D000ADC1B /* Project object */ = {
			isa = PBXProject;
			attributes = {
				BuildIndependentTargetsInParallel = 1;
				LastSwiftUpdateCheck = 1610;
				LastUpgradeCheck = 1610;
				TargetAttributes = {
					29C10F4B2EE55C7D000ADC1B = {
						CreatedOnToolsVersion = 16.1;
					};
					29C10F642EE55C80000ADC1B = {
						CreatedOnToolsVersion = 16.1;
						TestTargetID = 29C10F4B2EE55C7D000ADC1B;
					};
					29C10F6E2EE55C80000ADC1B = {
						CreatedOnToolsVersion = 16.1;
						TestTargetID = 29C10F4B2EE55C7D000ADC1B;
					};
				};
			};
			buildConfigurationList = 29C10F472EE55C7D000ADC1B /* Build configuration list for PBXProject "Fitness App" */;
			developmentRegion = en;
			hasScannedForEncodings = 0;
			knownRegions = (
				en,
				Base,
			);
			mainGroup = 29C10F432EE55C7D000ADC1B;
			minimizedProjectReferenceProxies = 1;
			preferredProjectObjectVersion = 77;
			productRefGroup = 29C10F4D2EE55C7D000ADC1B /* Products */;
			projectDirPath = "";
			projectRoot = "";
			targets = (
				29C10F4B2EE55C7D000ADC1B /* Fitness App */,
				29C10F642EE55C80000ADC1B /* Fitness AppTests */,
				29C10F6E2EE55C80000ADC1B /* Fitness AppUITests */,
			);
		};
/* End PBXProject section */

/* Begin PBXResourcesBuildPhase section */
		29C10F4A2EE55C7D000ADC1B /* Resources */ = {
			isa = PBXResourcesBuildPhase;
			buildActionMask = 2147483647;
			files = (
			);
			runOnlyForDeploymentPostprocessing = 0;
		};
		29C10F632EE55C80000ADC1B /* Resources */ = {
			isa = PBXResourcesBuildPhase;
			buildActionMask = 2147483647;
			files = (
			);
			runOnlyForDeploymentPostprocessing = 0;
		};
		29C10F6D2EE55C80000ADC1B /* Resources */ = {
			isa = PBXResourcesBuildPhase;
			buildActionMask = 2147483647;
			files = (
			);
			runOnlyForDeploymentPostprocessing = 0;
		};
/* End PBXResourcesBuildPhase section */

/* Begin PBXSourcesBuildPhase section */
		29C10F482EE55C7D000ADC1B /* Sources */ = {
			isa = PBXSourcesBuildPhase;
			buildActionMask = 2147483647;
			files = (
			);
			runOnlyForDeploymentPostprocessing = 0;
		};
		29C10F612EE55C80000ADC1B /* Sources */ = {
			isa = PBXSourcesBuildPhase;
			buildActionMask = 2147483647;
			files = (
			);
			runOnlyForDeploymentPostprocessing = 0;
		};
		29C10F6B2EE55C80000ADC1B /* Sources */ = {
			isa = PBXSourcesBuildPhase;
			buildActionMask = 2147483647;
			files = (
			);
			runOnlyForDeploymentPostprocessing = 0;
		};
/* End PBXSourcesBuildPhase section */

/* Begin PBXTargetDependency section */
		29C10F672EE55C80000ADC1B /* PBXTargetDependency */ = {
			isa = PBXTargetDependency;
			target = 29C10F4B2EE55C7D000ADC1B /* Fitness App */;
			targetProxy = 29C10F662EE55C80000ADC1B /* PBXContainerItemProxy */;
		};
		29C10F712EE55C80000ADC1B /* PBXTargetDependency */ = {
			isa = PBXTargetDependency;
			target = 29C10F4B2EE55C7D000ADC1B /* Fitness App */;
			targetProxy = 29C10F702EE55C80000ADC1B /* PBXContainerItemProxy */;
		};
/* End PBXTargetDependency section */

/* Begin XCBuildConfiguration section */
		29C10F792EE55C80000ADC1B /* Debug */ = {
			isa = XCBuildConfiguration;
			buildSettings = {
				ASSETCATALOG_COMPILER_APPICON_NAME = AppIcon;
				ASSETCATALOG_COMPILER_GLOBAL_ACCENT_COLOR_NAME = AccentColor;
				CODE_SIGN_STYLE = Automatic;
				CURRENT_PROJECT_VERSION = 1;
				DEVELOPMENT_TEAM = CXDXCBPK8W;
				GENERATE_INFOPLIST_FILE = YES;
				INFOPLIST_FILE = "Fitness App/Info.plist";
				INFOPLIST_KEY_UIApplicationSupportsIndirectInputEvents = YES;
				INFOPLIST_KEY_UILaunchStoryboardName = LaunchScreen;
				INFOPLIST_KEY_UIMainStoryboardFile = Main;
				INFOPLIST_KEY_UISupportedInterfaceOrientations_iPad = "UIInterfaceOrientationPortrait UIInterfaceOrientationPortraitUpsideDown UIInterfaceOrientationLandscapeLeft UIInterfaceOrientationLandscapeRight";
				INFOPLIST_KEY_UISupportedInterfaceOrientations_iPhone = "UIInterfaceOrientationPortrait UIInterfaceOrientationLandscapeLeft UIInterfaceOrientationLandscapeRight";
				LD_RUNPATH_SEARCH_PATHS = (
					"$(inherited)",
					"@executable_path/Frameworks",
				);
				MARKETING_VERSION = 1.0;
				PRODUCT_BUNDLE_IDENTIFIER = "amir.Fitness-App";
				PRODUCT_NAME = "$(TARGET_NAME)";
				SWIFT_EMIT_LOC_STRINGS = YES;
				SWIFT_VERSION = 5.0;
				TARGETED_DEVICE_FAMILY = "1,2";
			};
			name = Debug;
		};
		29C10F7A2EE55C80000ADC1B /* Release */ = {
			isa = XCBuildConfiguration;
			buildSettings = {
				ASSETCATALOG_COMPILER_APPICON_NAME = AppIcon;
				ASSETCATALOG_COMPILER_GLOBAL_ACCENT_COLOR_NAME = AccentColor;
				CODE_SIGN_STYLE = Automatic;
				CURRENT_PROJECT_VERSION = 1;
				DEVELOPMENT_TEAM = CXDXCBPK8W;
				GENERATE_INFOPLIST_FILE = YES;
				INFOPLIST_FILE = "Fitness App/Info.plist";
				INFOPLIST_KEY_UIApplicationSupportsIndirectInputEvents = YES;
				INFOPLIST_KEY_UILaunchStoryboardName = LaunchScreen;
				INFOPLIST_KEY_UIMainStoryboardFile = Main;
				INFOPLIST_KEY_UISupportedInterfaceOrientations_iPad = "UIInterfaceOrientationPortrait UIInterfaceOrientationPortraitUpsideDown UIInterfaceOrientationLandscapeLeft UIInterfaceOrientationLandscapeRight";
				INFOPLIST_KEY_UISupportedInterfaceOrientations_iPhone = "UIInterfaceOrientationPortrait UIInterfaceOrientationLandscapeLeft UIInterfaceOrientationLandscapeRight";
				LD_RUNPATH_SEARCH_PATHS = (
					"$(inherited)",
					"@executable_path/Frameworks",
				);
				MARKETING_VERSION = 1.0;
				PRODUCT_BUNDLE_IDENTIFIER = "amir.Fitness-App";
				PRODUCT_NAME = "$(TARGET_NAME)";
				SWIFT_EMIT_LOC_STRINGS = YES;
				SWIFT_VERSION = 5.0;
				TARGETED_DEVICE_FAMILY = "1,2";
			};
			name = Release;
		};
		29C10F7B2EE55C80000ADC1B /* Debug */ = {
			isa = XCBuildConfiguration;
			buildSettings = {
				ALWAYS_SEARCH_USER_PATHS = NO;
				ASSETCATALOG_COMPILER_GENERATE_SWIFT_ASSET_SYMBOL_EXTENSIONS = YES;
				CLANG_ANALYZER_NONNULL = YES;
				CLANG_ANALYZER_NUMBER_OBJECT_CONVERSION = YES_AGGRESSIVE;
				CLANG_CXX_LANGUAGE_STANDARD = "gnu++20";
				CLANG_ENABLE_MODULES = YES;
				CLANG_ENABLE_OBJC_ARC = YES;
				CLANG_ENABLE_OBJC_WEAK = YES;
				CLANG_WARN_BLOCK_CAPTURE_AUTORELEASING = YES;
				CLANG_WARN_BOOL_CONVERSION = YES;
				CLANG_WARN_COMMA = YES;
				CLANG_WARN_CONSTANT_CONVERSION = YES;
				CLANG_WARN_DEPRECATED_OBJC_IMPLEMENTATIONS = YES;
				CLANG_WARN_DIRECT_OBJC_ISA_USAGE = YES_ERROR;
				CLANG_WARN_DOCUMENTATION_COMMENTS = YES;
				CLANG_WARN_EMPTY_BODY = YES;
				CLANG_WARN_ENUM_CONVERSION = YES;
				CLANG_WARN_INFINITE_RECURSION = YES;
				CLANG_WARN_INT_CONVERSION = YES;
				CLANG_WARN_NON_LITERAL_NULL_CONVERSION = YES;
				CLANG_WARN_OBJC_IMPLICIT_RETAIN_SELF = YES;
				CLANG_WARN_OBJC_LITERAL_CONVERSION = YES;
				CLANG_WARN_OBJC_ROOT_CLASS = YES_ERROR;
				CLANG_WARN_QUOTED_INCLUDE_IN_FRAMEWORK_HEADER = YES;
				CLANG_WARN_RANGE_LOOP_ANALYSIS = YES;
				CLANG_WARN_STRICT_PROTOTYPES = YES;
				CLANG_WARN_SUSPICIOUS_MOVE = YES;
				CLANG_WARN_UNGUARDED_AVAILABILITY = YES_AGGRESSIVE;
				CLANG_WARN_UNREACHABLE_CODE = YES;
				CLANG_WARN__DUPLICATE_METHOD_MATCH = YES;
				COPY_PHASE_STRIP = NO;
				DEBUG_INFORMATION_FORMAT = dwarf;
				ENABLE_STRICT_OBJC_MSGSEND = YES;
				ENABLE_TESTABILITY = YES;
				ENABLE_USER_SCRIPT_SANDBOXING = YES;
				GCC_C_LANGUAGE_STANDARD = gnu17;
				GCC_DYNAMIC_NO_PIC = NO;
				GCC_NO_COMMON_BLOCKS = YES;
				GCC_OPTIMIZATION_LEVEL = 0;
				GCC_PREPROCESSOR_DEFINITIONS = (
					"DEBUG=1",
					"$(inherited)",
				);
				GCC_WARN_64_TO_32_BIT_CONVERSION = YES;
				GCC_WARN_ABOUT_RETURN_TYPE = YES_ERROR;
				GCC_WARN_UNDECLARED_SELECTOR = YES;
				GCC_WARN_UNINITIALIZED_AUTOS = YES_AGGRESSIVE;
				GCC_WARN_UNUSED_FUNCTION = YES;
				GCC_WARN_UNUSED_VARIABLE = YES;
				IPHONEOS_DEPLOYMENT_TARGET = 18.1;
				LOCALIZATION_PREFERS_STRING_CATALOGS = YES;
				MTL_ENABLE_DEBUG_INFO = INCLUDE_SOURCE;
				MTL_FAST_MATH = YES;
				ONLY_ACTIVE_ARCH = YES;
				SDKROOT = iphoneos;
				SWIFT_ACTIVE_COMPILATION_CONDITIONS = "DEBUG $(inherited)";
				SWIFT_OPTIMIZATION_LEVEL = "-Onone";
			};
			name = Debug;
		};
		29C10F7C2EE55C80000ADC1B /* Release */ = {
			isa = XCBuildConfiguration;
			buildSettings = {
				ALWAYS_SEARCH_USER_PATHS = NO;
				ASSETCATALOG_COMPILER_GENERATE_SWIFT_ASSET_SYMBOL_EXTENSIONS = YES;
				CLANG_ANALYZER_NONNULL = YES;
				CLANG_ANALYZER_NUMBER_OBJECT_CONVERSION = YES_AGGRESSIVE;
				CLANG_CXX_LANGUAGE_STANDARD = "gnu++20";
				CLANG_ENABLE_MODULES = YES;
				CLANG_ENABLE_OBJC_ARC = YES;
				CLANG_ENABLE_OBJC_WEAK = YES;
				CLANG_WARN_BLOCK_CAPTURE_AUTORELEASING = YES;
				CLANG_WARN_BOOL_CONVERSION = YES;
				CLANG_WARN_COMMA = YES;
				CLANG_WARN_CONSTANT_CONVERSION = YES;
				CLANG_WARN_DEPRECATED_OBJC_IMPLEMENTATIONS = YES;
				CLANG_WARN_DIRECT_OBJC_ISA_USAGE = YES_ERROR;
				CLANG_WARN_DOCUMENTATION_COMMENTS = YES;
				CLANG_WARN_EMPTY_BODY = YES;
				CLANG_WARN_ENUM_CONVERSION = YES;
				CLANG_WARN_INFINITE_RECURSION = YES;
				CLANG_WARN_INT_CONVERSION = YES;
				CLANG_WARN_NON_LITERAL_NULL_CONVERSION = YES;
				CLANG_WARN_OBJC_IMPLICIT_RETAIN_SELF = YES;
				CLANG_WARN_OBJC_LITERAL_CONVERSION = YES;
				CLANG_WARN_OBJC_ROOT_CLASS = YES_ERROR;
				CLANG_WARN_QUOTED_INCLUDE_IN_FRAMEWORK_HEADER = YES;
				CLANG_WARN_RANGE_LOOP_ANALYSIS = YES;
				CLANG_WARN_STRICT_PROTOTYPES = YES;
				CLANG_WARN_SUSPICIOUS_MOVE = YES;
				CLANG_WARN_UNGUARDED_AVAILABILITY = YES_AGGRESSIVE;
				CLANG_WARN_UNREACHABLE_CODE = YES;
				CLANG_WARN__DUPLICATE_METHOD_MATCH = YES;
				COPY_PHASE_STRIP = NO;
				DEBUG_INFORMATION_FORMAT = "dwarf-with-dsym";
				ENABLE_NS_ASSERTIONS = NO;
				ENABLE_STRICT_OBJC_MSGSEND = YES;
				ENABLE_USER_SCRIPT_SANDBOXING = YES;
				GCC_C_LANGUAGE_STANDARD = gnu17;
				GCC_NO_COMMON_BLOCKS = YES;
				GCC_WARN_64_TO_32_BIT_CONVERSION = YES;
				GCC_WARN_ABOUT_RETURN_TYPE = YES_ERROR;
				GCC_WARN_UNDECLARED_SELECTOR = YES;
				GCC_WARN_UNINITIALIZED_AUTOS = YES_AGGRESSIVE;
				GCC_WARN_UNUSED_FUNCTION = YES;
				GCC_WARN_UNUSED_VARIABLE = YES;
				IPHONEOS_DEPLOYMENT_TARGET = 18.1;
				LOCALIZATION_PREFERS_STRING_CATALOGS = YES;
				MTL_ENABLE_DEBUG_INFO = NO;
				MTL_FAST_MATH = YES;
				SDKROOT = iphoneos;
				SWIFT_COMPILATION_MODE = wholemodule;
				VALIDATE_PRODUCT = YES;
			};
			name = Release;
		};
		29C10F7E2EE55C80000ADC1B /* Debug */ = {
			isa = XCBuildConfiguration;
			buildSettings = {
				BUNDLE_LOADER = "$(TEST_HOST)";
				CODE_SIGN_STYLE = Automatic;
				CURRENT_PROJECT_VERSION = 1;
				DEVELOPMENT_TEAM = CXDXCBPK8W;
				GENERATE_INFOPLIST_FILE = YES;
				IPHONEOS_DEPLOYMENT_TARGET = 18.1;
				MARKETING_VERSION = 1.0;
				PRODUCT_BUNDLE_IDENTIFIER = "amir.Fitness-AppTests";
				PRODUCT_NAME = "$(TARGET_NAME)";
				SWIFT_EMIT_LOC_STRINGS = NO;
				SWIFT_VERSION = 5.0;
				TARGETED_DEVICE_FAMILY = "1,2";
				TEST_HOST = "$(BUILT_PRODUCTS_DIR)/Fitness App.app/$(BUNDLE_EXECUTABLE_FOLDER_PATH)/Fitness App";
			};
			name = Debug;
		};
		29C10F7F2EE55C80000ADC1B /* Release */ = {
			isa = XCBuildConfiguration;
			buildSettings = {
				BUNDLE_LOADER = "$(TEST_HOST)";
				CODE_SIGN_STYLE = Automatic;
				CURRENT_PROJECT_VERSION = 1;
				DEVELOPMENT_TEAM = CXDXCBPK8W;
				GENERATE_INFOPLIST_FILE = YES;
				IPHONEOS_DEPLOYMENT_TARGET = 18.1;
				MARKETING_VERSION = 1.0;
				PRODUCT_BUNDLE_IDENTIFIER = "amir.Fitness-AppTests";
				PRODUCT_NAME = "$(TARGET_NAME)";
				SWIFT_EMIT_LOC_STRINGS = NO;
				SWIFT_VERSION = 5.0;
				TARGETED_DEVICE_FAMILY = "1,2";
				TEST_HOST = "$(BUILT_PRODUCTS_DIR)/Fitness App.app/$(BUNDLE_EXECUTABLE_FOLDER_PATH)/Fitness App";
			};
			name = Release;
		};
		29C10F812EE55C80000ADC1B /* Debug */ = {
			isa = XCBuildConfiguration;
			buildSettings = {
				CODE_SIGN_STYLE = Automatic;
				CURRENT_PROJECT_VERSION = 1;
				DEVELOPMENT_TEAM = CXDXCBPK8W;
				GENERATE_INFOPLIST_FILE = YES;
				MARKETING_VERSION = 1.0;
				PRODUCT_BUNDLE_IDENTIFIER = "amir.Fitness-AppUITests";
				PRODUCT_NAME = "$(TARGET_NAME)";
				SWIFT_EMIT_LOC_STRINGS = NO;
				SWIFT_VERSION = 5.0;
				TARGETED_DEVICE_FAMILY = "1,2";
				TEST_TARGET_NAME = "Fitness App";
			};
			name = Debug;
		};
		29C10F822EE55C80000ADC1B /* Release */ = {
			isa = XCBuildConfiguration;
			buildSettings = {
				CODE_SIGN_STYLE = Automatic;
				CURRENT_PROJECT_VERSION = 1;
				DEVELOPMENT_TEAM = CXDXCBPK8W;
				GENERATE_INFOPLIST_FILE = YES;
				MARKETING_VERSION = 1.0;
				PRODUCT_BUNDLE_IDENTIFIER = "amir.Fitness-AppUITests";
				PRODUCT_NAME = "$(TARGET_NAME)";
				SWIFT_EMIT_LOC_STRINGS = NO;
				SWIFT_VERSION = 5.0;
				TARGETED_DEVICE_FAMILY = "1,2";
				TEST_TARGET_NAME = "Fitness App";
			};
			name = Release;
		};
/* End XCBuildConfiguration section */

/* Begin XCConfigurationList section */
		29C10F472EE55C7D000ADC1B /* Build configuration list for PBXProject "Fitness App" */ = {
			isa = XCConfigurationList;
			buildConfigurations = (
				29C10F7B2EE55C80000ADC1B /* Debug */,
				29C10F7C2EE55C80000ADC1B /* Release */,
			);
			defaultConfigurationIsVisible = 0;
			defaultConfigurationName = Release;
		};
		29C10F782EE55C80000ADC1B /* Build configuration list for PBXNativeTarget "Fitness App" */ = {
			isa = XCConfigurationList;
			buildConfigurations = (
				29C10F792EE55C80000ADC1B /* Debug */,
				29C10F7A2EE55C80000ADC1B /* Release */,
			);
			defaultConfigurationIsVisible = 0;
			defaultConfigurationName = Release;
		};
		29C10F7D2EE55C80000ADC1B /* Build configuration list for PBXNativeTarget "Fitness AppTests" */ = {
			isa = XCConfigurationList;
			buildConfigurations = (
				29C10F7E2EE55C80000ADC1B /* Debug */,
				29C10F7F2EE55C80000ADC1B /* Release */,
			);
			defaultConfigurationIsVisible = 0;
			defaultConfigurationName = Release;
		};
		29C10F802EE55C80000ADC1B /* Build configuration list for PBXNativeTarget "Fitness AppUITests" */ = {
			isa = XCConfigurationList;
			buildConfigurations = (
				29C10F812EE55C80000ADC1B /* Debug */,
				29C10F822EE55C80000ADC1B /* Release */,
			);
			defaultConfigurationIsVisible = 0;
			defaultConfigurationName = Release;
		};
/* End XCConfigurationList section */
	};
	rootObject = 29C10F442EE55C7D000ADC1B /* Project object */;
}
